
Microsoft Visual Studio Solution File, Format Version 12.00
# Visual Studio Version 17
VisualStudioVersion = 17.11.35312.102
MinimumVisualStudioVersion = 10.0.40219.1
Project("{FAE04EC0-301F-11D3-BF4B-00C04F79EFBC}") = "App1", "App1.csproj", "{D573F2CC-9B87-4FD4-A316-6235666FF4A7}"
EndProject
Global
	GlobalSection(SolutionConfigurationPlatforms) = preSolution
		Debug|Any CPU = Debug|Any CPU
		Release|Any CPU = Release|Any CPU
	EndGlobalSection
	GlobalSection(ProjectConfigurationPlatforms) = postSolution
		{D573F2CC-9B87-4FD4-A316-6235666FF4A7}.Debug|Any CPU.ActiveCfg = Debug|Any CPU
		{D573F2CC-9B87-4FD4-A316-6235666FF4A7}.Debug|Any CPU.Build.0 = Debug|Any CPU
		{D573F2CC-9B87-4FD4-A316-6235666FF4A7}.Release|Any CPU.ActiveCfg = Release|Any CPU
		{D573F2CC-9B87-4FD4-A316-6235666FF4A7}.Release|Any CPU.Build.0 = Release|Any CPU
	EndGlobalSection
	GlobalSection(SolutionProperties) = preSolution
		HideSolutionNode = FALSE
	EndGlobalSection
	GlobalSection(ExtensibilityGlobals) = postSolution
		SolutionGuid = {3D789920-D07A-4278-AA64-34E6BFED8178}
	EndGlobalSection
EndGlobal
